// !$*UTF8*$!
{
	archiveVersion = 1;
	classes = {
	};
	objectVersion = 46;
	objects = {

/* Begin PBXBuildFile section */
		042B1C061DDAB5E900D610E5 /* HWMineViewController.m in Sources */ = {isa = PBXBuildFile; fileRef = 042B1C051DDAB5E800D610E5 /* HWMineViewController.m */; };
		042B1C0A1DDAB8CC00D610E5 /* HWBaseViewController.m in Sources */ = {isa = PBXBuildFile; fileRef = 042B1C091DDAB8CC00D610E5 /* HWBaseViewController.m */; };
		042B1C0D1DDABE6D00D610E5 /* HWNavigationBarButton.m in Sources */ = {isa = PBXBuildFile; fileRef = 042B1C0C1DDABE6D00D610E5 /* HWNavigationBarButton.m */; };
		042B1C101DDAD8AC00D610E5 /* HWBaseTableViewController.m in Sources */ = {isa = PBXBuildFile; fileRef = 042B1C0F1DDAD8AC00D610E5 /* HWBaseTableViewController.m */; };
		042B1C131DDAD8CE00D610E5 /* HWNewTableViewController.m in Sources */ = {isa = PBXBuildFile; fileRef = 042B1C121DDAD8CE00D610E5 /* HWNewTableViewController.m */; };
		042B1C171DDADAC500D610E5 /* UIColor+HW.m in Sources */ = {isa = PBXBuildFile; fileRef = 042B1C161DDADAC500D610E5 /* UIColor+HW.m */; };
		042B1C1B1DDB0D0E00D610E5 /* HWHomeTableViewController.m in Sources */ = {isa = PBXBuildFile; fileRef = 042B1C1A1DDB0D0E00D610E5 /* HWHomeTableViewController.m */; };
		0447A3BF1DD96768001EAE32 /* HWObject.m in Sources */ = {isa = PBXBuildFile; fileRef = 0447A3BE1DD96768001EAE32 /* HWObject.m */; };
		0447A3C31DD9715B001EAE32 /* HWWeiBoObject.m in Sources */ = {isa = PBXBuildFile; fileRef = 0447A3C21DD9715B001EAE32 /* HWWeiBoObject.m */; };
		0447A3C51DD97322001EAE32 /* weibo.json in Resources */ = {isa = PBXBuildFile; fileRef = 0447A3C41DD97241001EAE32 /* weibo.json */; };
		0447A3C81DD97542001EAE32 /* HWKeyValueStore.m in Sources */ = {isa = PBXBuildFile; fileRef = 0447A3C71DD97542001EAE32 /* HWKeyValueStore.m */; };
		0447A3D41DD9D4C7001EAE32 /* HWNavigationController.m in Sources */ = {isa = PBXBuildFile; fileRef = 0447A3D31DD9D4C7001EAE32 /* HWNavigationController.m */; };
		0447A3D71DD9D5F1001EAE32 /* HWMainTabViewController.m in Sources */ = {isa = PBXBuildFile; fileRef = 0447A3D61DD9D5F1001EAE32 /* HWMainTabViewController.m */; };
		0447A3DA1DD9D84F001EAE32 /* HWMainTabBarViewModel.m in Sources */ = {isa = PBXBuildFile; fileRef = 0447A3D91DD9D84F001EAE32 /* HWMainTabBarViewModel.m */; };
		0447A3DD1DD9E432001EAE32 /* HWHomeViewController.m in Sources */ = {isa = PBXBuildFile; fileRef = 0447A3DC1DD9E432001EAE32 /* HWHomeViewController.m */; };
		0447A3E01DD9E801001EAE32 /* HWCareViewController.m in Sources */ = {isa = PBXBuildFile; fileRef = 0447A3DF1DD9E801001EAE32 /* HWCareViewController.m */; };
		044FDAC01DD46DED00FA9385 /* main.m in Sources */ = {isa = PBXBuildFile; fileRef = 044FDABF1DD46DED00FA9385 /* main.m */; };
		044FDAC31DD46DED00FA9385 /* AppDelegate.m in Sources */ = {isa = PBXBuildFile; fileRef = 044FDAC21DD46DED00FA9385 /* AppDelegate.m */; };
		044FDAC61DD46DED00FA9385 /* ViewController.m in Sources */ = {isa = PBXBuildFile; fileRef = 044FDAC51DD46DED00FA9385 /* ViewController.m */; };
		044FDAC91DD46DED00FA9385 /* Main.storyboard in Resources */ = {isa = PBXBuildFile; fileRef = 044FDAC71DD46DED00FA9385 /* Main.storyboard */; };
		044FDACB1DD46DED00FA9385 /* Assets.xcassets in Resources */ = {isa = PBXBuildFile; fileRef = 044FDACA1DD46DED00FA9385 /* Assets.xcassets */; };
		044FDACE1DD46DED00FA9385 /* LaunchScreen.storyboard in Resources */ = {isa = PBXBuildFile; fileRef = 044FDACC1DD46DED00FA9385 /* LaunchScreen.storyboard */; };
		044FDAE91DD46F1800FA9385 /* HWBaseRequest.m in Sources */ = {isa = PBXBuildFile; fileRef = 044FDAD71DD46F1800FA9385 /* HWBaseRequest.m */; };
		044FDAEA1DD46F1800FA9385 /* HWBatchRequest.m in Sources */ = {isa = PBXBuildFile; fileRef = 044FDAD91DD46F1800FA9385 /* HWBatchRequest.m */; };
		044FDAEB1DD46F1800FA9385 /* HWBatchRequestAgent.m in Sources */ = {isa = PBXBuildFile; fileRef = 044FDADB1DD46F1800FA9385 /* HWBatchRequestAgent.m */; };
		044FDAEC1DD46F1800FA9385 /* HWChainRequest.m in Sources */ = {isa = PBXBuildFile; fileRef = 044FDADD1DD46F1800FA9385 /* HWChainRequest.m */; };
		044FDAED1DD46F1800FA9385 /* HWChainRequestAgent.m in Sources */ = {isa = PBXBuildFile; fileRef = 044FDADF1DD46F1800FA9385 /* HWChainRequestAgent.m */; };
		044FDAEE1DD46F1800FA9385 /* HWNetworkAgent.m in Sources */ = {isa = PBXBuildFile; fileRef = 044FDAE21DD46F1800FA9385 /* HWNetworkAgent.m */; };
		044FDAEF1DD46F1800FA9385 /* HWNetworkConfig.m in Sources */ = {isa = PBXBuildFile; fileRef = 044FDAE41DD46F1800FA9385 /* HWNetworkConfig.m */; };
		044FDAF01DD46F1800FA9385 /* HWNetworkPrivate.m in Sources */ = {isa = PBXBuildFile; fileRef = 044FDAE61DD46F1800FA9385 /* HWNetworkPrivate.m */; };
		044FDAF11DD46F1800FA9385 /* HWRequest.m in Sources */ = {isa = PBXBuildFile; fileRef = 044FDAE81DD46F1800FA9385 /* HWRequest.m */; };
		044FDAFA1DD475A100FA9385 /* HWRequestTestApi.m in Sources */ = {isa = PBXBuildFile; fileRef = 044FDAF91DD475A100FA9385 /* HWRequestTestApi.m */; };
		044FDB001DD5768E00FA9385 /* HWRequestAApi.m in Sources */ = {isa = PBXBuildFile; fileRef = 044FDAFF1DD5768E00FA9385 /* HWRequestAApi.m */; };
		044FDB031DD5769900FA9385 /* HWRequestBApi.m in Sources */ = {isa = PBXBuildFile; fileRef = 044FDB021DD5769900FA9385 /* HWRequestBApi.m */; };
		044FDB061DD576A000FA9385 /* HWRequestCApi.m in Sources */ = {isa = PBXBuildFile; fileRef = 044FDB051DD576A000FA9385 /* HWRequestCApi.m */; };
		044FDB091DD576B100FA9385 /* HWRequestDApi.m in Sources */ = {isa = PBXBuildFile; fileRef = 044FDB081DD576B100FA9385 /* HWRequestDApi.m */; };
		04861BA21DDEF9DE002B6BC6 /* HWTableViewCell.m in Sources */ = {isa = PBXBuildFile; fileRef = 04861BA11DDEF9DE002B6BC6 /* HWTableViewCell.m */; };
		04861BA51DDEFA30002B6BC6 /* UIView+AddLine.m in Sources */ = {isa = PBXBuildFile; fileRef = 04861BA41DDEFA30002B6BC6 /* UIView+AddLine.m */; };
		04861BA91DDF082E002B6BC6 /* HWViewModel.m in Sources */ = {isa = PBXBuildFile; fileRef = 04861BA81DDF082E002B6BC6 /* HWViewModel.m */; };
		04861BAC1DDF084E002B6BC6 /* HWListRequestViewModel.m in Sources */ = {isa = PBXBuildFile; fileRef = 04861BAB1DDF084E002B6BC6 /* HWListRequestViewModel.m */; };
		0486B7141DE44EC2000A7671 /* HWStore.m in Sources */ = {isa = PBXBuildFile; fileRef = 0486B7131DE44EC2000A7671 /* HWStore.m */; };
		0486B7171DE45B79000A7671 /* HWHomeStore.m in Sources */ = {isa = PBXBuildFile; fileRef = 0486B7161DE45B79000A7671 /* HWHomeStore.m */; };
		0486B71A1DE45C76000A7671 /* HWHomeApi.m in Sources */ = {isa = PBXBuildFile; fileRef = 0486B7191DE45C76000A7671 /* HWHomeApi.m */; };
		0486B71D1DE46283000A7671 /* HWHospital.m in Sources */ = {isa = PBXBuildFile; fileRef = 0486B71C1DE46283000A7671 /* HWHospital.m */; };
		0486B7211DE53A2E000A7671 /* HWHospitalCell.m in Sources */ = {isa = PBXBuildFile; fileRef = 0486B7201DE53A2E000A7671 /* HWHospitalCell.m */; };
		0486B7241DE53FA8000A7671 /* HWHospitalViewModel.m in Sources */ = {isa = PBXBuildFile; fileRef = 0486B7231DE53FA8000A7671 /* HWHospitalViewModel.m */; };
		0486B7271DE58429000A7671 /* HWHomeStoreManager.m in Sources */ = {isa = PBXBuildFile; fileRef = 0486B7261DE58429000A7671 /* HWHomeStoreManager.m */; };
		04FA3C391DE2DB9E00264A05 /* HWVersionGuideViewController.m in Sources */ = {isa = PBXBuildFile; fileRef = 04FA3C381DE2DB9E00264A05 /* HWVersionGuideViewController.m */; };
		04FA3C3C1DE2DDA900264A05 /* AppDelegate+ViewController.m in Sources */ = {isa = PBXBuildFile; fileRef = 04FA3C3B1DE2DDA900264A05 /* AppDelegate+ViewController.m */; };
		04FA3C401DE2E9E200264A05 /* 003.png in Resources */ = {isa = PBXBuildFile; fileRef = 04FA3C3D1DE2E9E200264A05 /* 003.png */; };
		04FA3C411DE2E9E200264A05 /* 001.png in Resources */ = {isa = PBXBuildFile; fileRef = 04FA3C3E1DE2E9E200264A05 /* 001.png */; };
		04FA3C421DE2E9E200264A05 /* 002.png in Resources */ = {isa = PBXBuildFile; fileRef = 04FA3C3F1DE2E9E200264A05 /* 002.png */; };
		1D886B21BA8AC5A0ACC25BE6 /* libPods-Reborn.a in Frameworks */ = {isa = PBXBuildFile; fileRef = EA71DBEA9BF2289591373393 /* libPods-Reborn.a */; };
/* End PBXBuildFile section */

/* Begin PBXFileReference section */
		042B1C021DDAB36700D610E5 /* HWColorTheme.h */ = {isa = PBXFileReference; lastKnownFileType = sourcecode.c.h; path = HWColorTheme.h; sourceTree = "<group>"; };
		042B1C031DDAB43F00D610E5 /* HW-prefix.pch */ = {isa = PBXFileReference; lastKnownFileType = sourcecode.c.h; path = "HW-prefix.pch"; sourceTree = "<group>"; };
		042B1C041DDAB5E800D610E5 /* HWMineViewController.h */ = {isa = PBXFileReference; fileEncoding = 4; lastKnownFileType = sourcecode.c.h; path = HWMineViewController.h; sourceTree = "<group>"; };
		042B1C051DDAB5E800D610E5 /* HWMineViewController.m */ = {isa = PBXFileReference; fileEncoding = 4; lastKnownFileType = sourcecode.c.objc; path = HWMineViewController.m; sourceTree = "<group>"; };
		042B1C081DDAB8CC00D610E5 /* HWBaseViewController.h */ = {isa = PBXFileReference; fileEncoding = 4; lastKnownFileType = sourcecode.c.h; path = HWBaseViewController.h; sourceTree = "<group>"; };
		042B1C091DDAB8CC00D610E5 /* HWBaseViewController.m */ = {isa = PBXFileReference; fileEncoding = 4; lastKnownFileType = sourcecode.c.objc; path = HWBaseViewController.m; sourceTree = "<group>"; };
		042B1C0B1DDABE6D00D610E5 /* HWNavigationBarButton.h */ = {isa = PBXFileReference; fileEncoding = 4; lastKnownFileType = sourcecode.c.h; path = HWNavigationBarButton.h; sourceTree = "<group>"; };
		042B1C0C1DDABE6D00D610E5 /* HWNavigationBarButton.m */ = {isa = PBXFileReference; fileEncoding = 4; lastKnownFileType = sourcecode.c.objc; path = HWNavigationBarButton.m; sourceTree = "<group>"; };
		042B1C0E1DDAD8AC00D610E5 /* HWBaseTableViewController.h */ = {isa = PBXFileReference; fileEncoding = 4; lastKnownFileType = sourcecode.c.h; path = HWBaseTableViewController.h; sourceTree = "<group>"; };
		042B1C0F1DDAD8AC00D610E5 /* HWBaseTableViewController.m */ = {isa = PBXFileReference; fileEncoding = 4; lastKnownFileType = sourcecode.c.objc; path = HWBaseTableViewController.m; sourceTree = "<group>"; };
		042B1C111DDAD8CE00D610E5 /* HWNewTableViewController.h */ = {isa = PBXFileReference; fileEncoding = 4; lastKnownFileType = sourcecode.c.h; path = HWNewTableViewController.h; sourceTree = "<group>"; };
		042B1C121DDAD8CE00D610E5 /* HWNewTableViewController.m */ = {isa = PBXFileReference; fileEncoding = 4; lastKnownFileType = sourcecode.c.objc; path = HWNewTableViewController.m; sourceTree = "<group>"; };
		042B1C151DDADAC500D610E5 /* UIColor+HW.h */ = {isa = PBXFileReference; fileEncoding = 4; lastKnownFileType = sourcecode.c.h; path = "UIColor+HW.h"; sourceTree = "<group>"; };
		042B1C161DDADAC500D610E5 /* UIColor+HW.m */ = {isa = PBXFileReference; fileEncoding = 4; lastKnownFileType = sourcecode.c.objc; path = "UIColor+HW.m"; sourceTree = "<group>"; };
		042B1C181DDADCCA00D610E5 /* HWKit.h */ = {isa = PBXFileReference; lastKnownFileType = sourcecode.c.h; path = HWKit.h; sourceTree = "<group>"; };
		042B1C191DDB0D0E00D610E5 /* HWHomeTableViewController.h */ = {isa = PBXFileReference; fileEncoding = 4; lastKnownFileType = sourcecode.c.h; path = HWHomeTableViewController.h; sourceTree = "<group>"; };
		042B1C1A1DDB0D0E00D610E5 /* HWHomeTableViewController.m */ = {isa = PBXFileReference; fileEncoding = 4; lastKnownFileType = sourcecode.c.objc; path = HWHomeTableViewController.m; sourceTree = "<group>"; };
		0447A3BD1DD96768001EAE32 /* HWObject.h */ = {isa = PBXFileReference; fileEncoding = 4; lastKnownFileType = sourcecode.c.h; path = HWObject.h; sourceTree = "<group>"; };
		0447A3BE1DD96768001EAE32 /* HWObject.m */ = {isa = PBXFileReference; fileEncoding = 4; lastKnownFileType = sourcecode.c.objc; path = HWObject.m; sourceTree = "<group>"; };
		0447A3C11DD9715B001EAE32 /* HWWeiBoObject.h */ = {isa = PBXFileReference; fileEncoding = 4; lastKnownFileType = sourcecode.c.h; name = HWWeiBoObject.h; path = ../HWWeiBoObject.h; sourceTree = "<group>"; };
		0447A3C21DD9715B001EAE32 /* HWWeiBoObject.m */ = {isa = PBXFileReference; fileEncoding = 4; lastKnownFileType = sourcecode.c.objc; name = HWWeiBoObject.m; path = ../HWWeiBoObject.m; sourceTree = "<group>"; };
		0447A3C41DD97241001EAE32 /* weibo.json */ = {isa = PBXFileReference; lastKnownFileType = text.json; path = weibo.json; sourceTree = "<group>"; };
		0447A3C61DD97542001EAE32 /* HWKeyValueStore.h */ = {isa = PBXFileReference; fileEncoding = 4; lastKnownFileType = sourcecode.c.h; path = HWKeyValueStore.h; sourceTree = "<group>"; };
		0447A3C71DD97542001EAE32 /* HWKeyValueStore.m */ = {isa = PBXFileReference; fileEncoding = 4; lastKnownFileType = sourcecode.c.objc; path = HWKeyValueStore.m; sourceTree = "<group>"; };
		0447A3D21DD9D4C7001EAE32 /* HWNavigationController.h */ = {isa = PBXFileReference; fileEncoding = 4; lastKnownFileType = sourcecode.c.h; path = HWNavigationController.h; sourceTree = "<group>"; };
		0447A3D31DD9D4C7001EAE32 /* HWNavigationController.m */ = {isa = PBXFileReference; fileEncoding = 4; lastKnownFileType = sourcecode.c.objc; path = HWNavigationController.m; sourceTree = "<group>"; };
		0447A3D51DD9D5F1001EAE32 /* HWMainTabViewController.h */ = {isa = PBXFileReference; fileEncoding = 4; lastKnownFileType = sourcecode.c.h; path = HWMainTabViewController.h; sourceTree = "<group>"; };
		0447A3D61DD9D5F1001EAE32 /* HWMainTabViewController.m */ = {isa = PBXFileReference; fileEncoding = 4; lastKnownFileType = sourcecode.c.objc; path = HWMainTabViewController.m; sourceTree = "<group>"; };
		0447A3D81DD9D84F001EAE32 /* HWMainTabBarViewModel.h */ = {isa = PBXFileReference; fileEncoding = 4; lastKnownFileType = sourcecode.c.h; path = HWMainTabBarViewModel.h; sourceTree = "<group>"; };
		0447A3D91DD9D84F001EAE32 /* HWMainTabBarViewModel.m */ = {isa = PBXFileReference; fileEncoding = 4; lastKnownFileType = sourcecode.c.objc; path = HWMainTabBarViewModel.m; sourceTree = "<group>"; };
		0447A3DB1DD9E432001EAE32 /* HWHomeViewController.h */ = {isa = PBXFileReference; fileEncoding = 4; lastKnownFileType = sourcecode.c.h; path = HWHomeViewController.h; sourceTree = "<group>"; };
		0447A3DC1DD9E432001EAE32 /* HWHomeViewController.m */ = {isa = PBXFileReference; fileEncoding = 4; lastKnownFileType = sourcecode.c.objc; path = HWHomeViewController.m; sourceTree = "<group>"; };
		0447A3DE1DD9E801001EAE32 /* HWCareViewController.h */ = {isa = PBXFileReference; fileEncoding = 4; lastKnownFileType = sourcecode.c.h; path = HWCareViewController.h; sourceTree = "<group>"; };
		0447A3DF1DD9E801001EAE32 /* HWCareViewController.m */ = {isa = PBXFileReference; fileEncoding = 4; lastKnownFileType = sourcecode.c.objc; path = HWCareViewController.m; sourceTree = "<group>"; };
		044FDABB1DD46DED00FA9385 /* Reborn.app */ = {isa = PBXFileReference; explicitFileType = wrapper.application; includeInIndex = 0; path = Reborn.app; sourceTree = BUILT_PRODUCTS_DIR; };
		044FDABF1DD46DED00FA9385 /* main.m */ = {isa = PBXFileReference; lastKnownFileType = sourcecode.c.objc; path = main.m; sourceTree = "<group>"; };
		044FDAC11DD46DED00FA9385 /* AppDelegate.h */ = {isa = PBXFileReference; lastKnownFileType = sourcecode.c.h; path = AppDelegate.h; sourceTree = "<group>"; };
		044FDAC21DD46DED00FA9385 /* AppDelegate.m */ = {isa = PBXFileReference; lastKnownFileType = sourcecode.c.objc; path = AppDelegate.m; sourceTree = "<group>"; };
		044FDAC41DD46DED00FA9385 /* ViewController.h */ = {isa = PBXFileReference; lastKnownFileType = sourcecode.c.h; path = ViewController.h; sourceTree = "<group>"; };
		044FDAC51DD46DED00FA9385 /* ViewController.m */ = {isa = PBXFileReference; lastKnownFileType = sourcecode.c.objc; path = ViewController.m; sourceTree = "<group>"; };
		044FDAC81DD46DED00FA9385 /* Base */ = {isa = PBXFileReference; lastKnownFileType = file.storyboard; name = Base; path = Base.lproj/Main.storyboard; sourceTree = "<group>"; };
		044FDACA1DD46DED00FA9385 /* Assets.xcassets */ = {isa = PBXFileReference; lastKnownFileType = folder.assetcatalog; path = Assets.xcassets; sourceTree = "<group>"; };
		044FDACD1DD46DED00FA9385 /* Base */ = {isa = PBXFileReference; lastKnownFileType = file.storyboard; name = Base; path = Base.lproj/LaunchScreen.storyboard; sourceTree = "<group>"; };
		044FDACF1DD46DED00FA9385 /* Info.plist */ = {isa = PBXFileReference; lastKnownFileType = text.plist.xml; path = Info.plist; sourceTree = "<group>"; };
		044FDAD61DD46F1800FA9385 /* HWBaseRequest.h */ = {isa = PBXFileReference; fileEncoding = 4; lastKnownFileType = sourcecode.c.h; path = HWBaseRequest.h; sourceTree = "<group>"; };
		044FDAD71DD46F1800FA9385 /* HWBaseRequest.m */ = {isa = PBXFileReference; fileEncoding = 4; lastKnownFileType = sourcecode.c.objc; path = HWBaseRequest.m; sourceTree = "<group>"; };
		044FDAD81DD46F1800FA9385 /* HWBatchRequest.h */ = {isa = PBXFileReference; fileEncoding = 4; lastKnownFileType = sourcecode.c.h; path = HWBatchRequest.h; sourceTree = "<group>"; };
		044FDAD91DD46F1800FA9385 /* HWBatchRequest.m */ = {isa = PBXFileReference; fileEncoding = 4; lastKnownFileType = sourcecode.c.objc; path = HWBatchRequest.m; sourceTree = "<group>"; };
		044FDADA1DD46F1800FA9385 /* HWBatchRequestAgent.h */ = {isa = PBXFileReference; fileEncoding = 4; lastKnownFileType = sourcecode.c.h; path = HWBatchRequestAgent.h; sourceTree = "<group>"; };
		044FDADB1DD46F1800FA9385 /* HWBatchRequestAgent.m */ = {isa = PBXFileReference; fileEncoding = 4; lastKnownFileType = sourcecode.c.objc; path = HWBatchRequestAgent.m; sourceTree = "<group>"; };
		044FDADC1DD46F1800FA9385 /* HWChainRequest.h */ = {isa = PBXFileReference; fileEncoding = 4; lastKnownFileType = sourcecode.c.h; path = HWChainRequest.h; sourceTree = "<group>"; };
		044FDADD1DD46F1800FA9385 /* HWChainRequest.m */ = {isa = PBXFileReference; fileEncoding = 4; lastKnownFileType = sourcecode.c.objc; path = HWChainRequest.m; sourceTree = "<group>"; };
		044FDADE1DD46F1800FA9385 /* HWChainRequestAgent.h */ = {isa = PBXFileReference; fileEncoding = 4; lastKnownFileType = sourcecode.c.h; path = HWChainRequestAgent.h; sourceTree = "<group>"; };
		044FDADF1DD46F1800FA9385 /* HWChainRequestAgent.m */ = {isa = PBXFileReference; fileEncoding = 4; lastKnownFileType = sourcecode.c.objc; path = HWChainRequestAgent.m; sourceTree = "<group>"; };
		044FDAE01DD46F1800FA9385 /* HWNetwork.h */ = {isa = PBXFileReference; fileEncoding = 4; lastKnownFileType = sourcecode.c.h; path = HWNetwork.h; sourceTree = "<group>"; };
		044FDAE11DD46F1800FA9385 /* HWNetworkAgent.h */ = {isa = PBXFileReference; fileEncoding = 4; lastKnownFileType = sourcecode.c.h; path = HWNetworkAgent.h; sourceTree = "<group>"; };
		044FDAE21DD46F1800FA9385 /* HWNetworkAgent.m */ = {isa = PBXFileReference; fileEncoding = 4; lastKnownFileType = sourcecode.c.objc; path = HWNetworkAgent.m; sourceTree = "<group>"; };
		044FDAE31DD46F1800FA9385 /* HWNetworkConfig.h */ = {isa = PBXFileReference; fileEncoding = 4; lastKnownFileType = sourcecode.c.h; path = HWNetworkConfig.h; sourceTree = "<group>"; };
		044FDAE41DD46F1800FA9385 /* HWNetworkConfig.m */ = {isa = PBXFileReference; fileEncoding = 4; lastKnownFileType = sourcecode.c.objc; path = HWNetworkConfig.m; sourceTree = "<group>"; };
		044FDAE51DD46F1800FA9385 /* HWNetworkPrivate.h */ = {isa = PBXFileReference; fileEncoding = 4; lastKnownFileType = sourcecode.c.h; path = HWNetworkPrivate.h; sourceTree = "<group>"; };
		044FDAE61DD46F1800FA9385 /* HWNetworkPrivate.m */ = {isa = PBXFileReference; fileEncoding = 4; lastKnownFileType = sourcecode.c.objc; path = HWNetworkPrivate.m; sourceTree = "<group>"; };
		044FDAE71DD46F1800FA9385 /* HWRequest.h */ = {isa = PBXFileReference; fileEncoding = 4; lastKnownFileType = sourcecode.c.h; path = HWRequest.h; sourceTree = "<group>"; };
		044FDAE81DD46F1800FA9385 /* HWRequest.m */ = {isa = PBXFileReference; fileEncoding = 4; lastKnownFileType = sourcecode.c.objc; path = HWRequest.m; sourceTree = "<group>"; };
		044FDAF81DD475A100FA9385 /* HWRequestTestApi.h */ = {isa = PBXFileReference; fileEncoding = 4; lastKnownFileType = sourcecode.c.h; name = HWRequestTestApi.h; path = HWNetwork/HWRequestTestApi.h; sourceTree = "<group>"; };
		044FDAF91DD475A100FA9385 /* HWRequestTestApi.m */ = {isa = PBXFileReference; fileEncoding = 4; lastKnownFileType = sourcecode.c.objc; name = HWRequestTestApi.m; path = HWNetwork/HWRequestTestApi.m; sourceTree = "<group>"; };
		044FDAFE1DD5768E00FA9385 /* HWRequestAApi.h */ = {isa = PBXFileReference; fileEncoding = 4; lastKnownFileType = sourcecode.c.h; path = HWRequestAApi.h; sourceTree = "<group>"; };
		044FDAFF1DD5768E00FA9385 /* HWRequestAApi.m */ = {isa = PBXFileReference; fileEncoding = 4; lastKnownFileType = sourcecode.c.objc; path = HWRequestAApi.m; sourceTree = "<group>"; };
		044FDB011DD5769900FA9385 /* HWRequestBApi.h */ = {isa = PBXFileReference; fileEncoding = 4; lastKnownFileType = sourcecode.c.h; path = HWRequestBApi.h; sourceTree = "<group>"; };
		044FDB021DD5769900FA9385 /* HWRequestBApi.m */ = {isa = PBXFileReference; fileEncoding = 4; lastKnownFileType = sourcecode.c.objc; path = HWRequestBApi.m; sourceTree = "<group>"; };
		044FDB041DD576A000FA9385 /* HWRequestCApi.h */ = {isa = PBXFileReference; fileEncoding = 4; lastKnownFileType = sourcecode.c.h; path = HWRequestCApi.h; sourceTree = "<group>"; };
		044FDB051DD576A000FA9385 /* HWRequestCApi.m */ = {isa = PBXFileReference; fileEncoding = 4; lastKnownFileType = sourcecode.c.objc; path = HWRequestCApi.m; sourceTree = "<group>"; };
		044FDB071DD576B100FA9385 /* HWRequestDApi.h */ = {isa = PBXFileReference; fileEncoding = 4; lastKnownFileType = sourcecode.c.h; path = HWRequestDApi.h; sourceTree = "<group>"; };
		044FDB081DD576B100FA9385 /* HWRequestDApi.m */ = {isa = PBXFileReference; fileEncoding = 4; lastKnownFileType = sourcecode.c.objc; path = HWRequestDApi.m; sourceTree = "<group>"; };
		04861BA01DDEF9DE002B6BC6 /* HWTableViewCell.h */ = {isa = PBXFileReference; fileEncoding = 4; lastKnownFileType = sourcecode.c.h; path = HWTableViewCell.h; sourceTree = "<group>"; };
		04861BA11DDEF9DE002B6BC6 /* HWTableViewCell.m */ = {isa = PBXFileReference; fileEncoding = 4; lastKnownFileType = sourcecode.c.objc; path = HWTableViewCell.m; sourceTree = "<group>"; };
		04861BA31DDEFA30002B6BC6 /* UIView+AddLine.h */ = {isa = PBXFileReference; fileEncoding = 4; lastKnownFileType = sourcecode.c.h; path = "UIView+AddLine.h"; sourceTree = "<group>"; };
		04861BA41DDEFA30002B6BC6 /* UIView+AddLine.m */ = {isa = PBXFileReference; fileEncoding = 4; lastKnownFileType = sourcecode.c.objc; path = "UIView+AddLine.m"; sourceTree = "<group>"; };
		04861BA61DDEFA49002B6BC6 /* HWConstant.h */ = {isa = PBXFileReference; lastKnownFileType = sourcecode.c.h; path = HWConstant.h; sourceTree = "<group>"; };
		04861BA71DDF082E002B6BC6 /* HWViewModel.h */ = {isa = PBXFileReference; fileEncoding = 4; lastKnownFileType = sourcecode.c.h; path = HWViewModel.h; sourceTree = "<group>"; };
		04861BA81DDF082E002B6BC6 /* HWViewModel.m */ = {isa = PBXFileReference; fileEncoding = 4; lastKnownFileType = sourcecode.c.objc; path = HWViewModel.m; sourceTree = "<group>"; };
		04861BAA1DDF084E002B6BC6 /* HWListRequestViewModel.h */ = {isa = PBXFileReference; fileEncoding = 4; lastKnownFileType = sourcecode.c.h; path = HWListRequestViewModel.h; sourceTree = "<group>"; };
		04861BAB1DDF084E002B6BC6 /* HWListRequestViewModel.m */ = {isa = PBXFileReference; fileEncoding = 4; lastKnownFileType = sourcecode.c.objc; path = HWListRequestViewModel.m; sourceTree = "<group>"; };
		0486B7121DE44EC2000A7671 /* HWStore.h */ = {isa = PBXFileReference; fileEncoding = 4; lastKnownFileType = sourcecode.c.h; path = HWStore.h; sourceTree = "<group>"; };
		0486B7131DE44EC2000A7671 /* HWStore.m */ = {isa = PBXFileReference; fileEncoding = 4; lastKnownFileType = sourcecode.c.objc; path = HWStore.m; sourceTree = "<group>"; };
		0486B7151DE45B79000A7671 /* HWHomeStore.h */ = {isa = PBXFileReference; fileEncoding = 4; lastKnownFileType = sourcecode.c.h; path = HWHomeStore.h; sourceTree = "<group>"; };
		0486B7161DE45B79000A7671 /* HWHomeStore.m */ = {isa = PBXFileReference; fileEncoding = 4; lastKnownFileType = sourcecode.c.objc; path = HWHomeStore.m; sourceTree = "<group>"; };
		0486B7181DE45C76000A7671 /* HWHomeApi.h */ = {isa = PBXFileReference; fileEncoding = 4; lastKnownFileType = sourcecode.c.h; path = HWHomeApi.h; sourceTree = "<group>"; };
		0486B7191DE45C76000A7671 /* HWHomeApi.m */ = {isa = PBXFileReference; fileEncoding = 4; lastKnownFileType = sourcecode.c.objc; path = HWHomeApi.m; sourceTree = "<group>"; };
		0486B71B1DE46283000A7671 /* HWHospital.h */ = {isa = PBXFileReference; fileEncoding = 4; lastKnownFileType = sourcecode.c.h; name = HWHospital.h; path = BaseObject/HWHospital.h; sourceTree = "<group>"; };
		0486B71C1DE46283000A7671 /* HWHospital.m */ = {isa = PBXFileReference; fileEncoding = 4; lastKnownFileType = sourcecode.c.objc; name = HWHospital.m; path = BaseObject/HWHospital.m; sourceTree = "<group>"; };
		0486B71F1DE53A2E000A7671 /* HWHospitalCell.h */ = {isa = PBXFileReference; fileEncoding = 4; lastKnownFileType = sourcecode.c.h; path = HWHospitalCell.h; sourceTree = "<group>"; };
		0486B7201DE53A2E000A7671 /* HWHospitalCell.m */ = {isa = PBXFileReference; fileEncoding = 4; lastKnownFileType = sourcecode.c.objc; path = HWHospitalCell.m; sourceTree = "<group>"; };
		0486B7221DE53FA8000A7671 /* HWHospitalViewModel.h */ = {isa = PBXFileReference; fileEncoding = 4; lastKnownFileType = sourcecode.c.h; path = HWHospitalViewModel.h; sourceTree = "<group>"; };
		0486B7231DE53FA8000A7671 /* HWHospitalViewModel.m */ = {isa = PBXFileReference; fileEncoding = 4; lastKnownFileType = sourcecode.c.objc; path = HWHospitalViewModel.m; sourceTree = "<group>"; };
		0486B7251DE58429000A7671 /* HWHomeStoreManager.h */ = {isa = PBXFileReference; fileEncoding = 4; lastKnownFileType = sourcecode.c.h; path = HWHomeStoreManager.h; sourceTree = "<group>"; };
		0486B7261DE58429000A7671 /* HWHomeStoreManager.m */ = {isa = PBXFileReference; fileEncoding = 4; lastKnownFileType = sourcecode.c.objc; path = HWHomeStoreManager.m; sourceTree = "<group>"; };
		04FA3C371DE2DB9E00264A05 /* HWVersionGuideViewController.h */ = {isa = PBXFileReference; fileEncoding = 4; lastKnownFileType = sourcecode.c.h; path = HWVersionGuideViewController.h; sourceTree = "<group>"; };
		04FA3C381DE2DB9E00264A05 /* HWVersionGuideViewController.m */ = {isa = PBXFileReference; fileEncoding = 4; lastKnownFileType = sourcecode.c.objc; path = HWVersionGuideViewController.m; sourceTree = "<group>"; };
		04FA3C3A1DE2DDA900264A05 /* AppDelegate+ViewController.h */ = {isa = PBXFileReference; fileEncoding = 4; lastKnownFileType = sourcecode.c.h; path = "AppDelegate+ViewController.h"; sourceTree = "<group>"; };
		04FA3C3B1DE2DDA900264A05 /* AppDelegate+ViewController.m */ = {isa = PBXFileReference; fileEncoding = 4; lastKnownFileType = sourcecode.c.objc; path = "AppDelegate+ViewController.m"; sourceTree = "<group>"; };
		04FA3C3D1DE2E9E200264A05 /* 003.png */ = {isa = PBXFileReference; lastKnownFileType = image.png; path = 003.png; sourceTree = "<group>"; };
		04FA3C3E1DE2E9E200264A05 /* 001.png */ = {isa = PBXFileReference; lastKnownFileType = image.png; path = 001.png; sourceTree = "<group>"; };
		04FA3C3F1DE2E9E200264A05 /* 002.png */ = {isa = PBXFileReference; lastKnownFileType = image.png; path = 002.png; sourceTree = "<group>"; };
		6A837AB1404FA8ACF56512FE /* Pods-Reborn.debug.xcconfig */ = {isa = PBXFileReference; includeInIndex = 1; lastKnownFileType = text.xcconfig; name = "Pods-Reborn.debug.xcconfig"; path = "Pods/Target Support Files/Pods-Reborn/Pods-Reborn.debug.xcconfig"; sourceTree = "<group>"; };
		EA71DBEA9BF2289591373393 /* libPods-Reborn.a */ = {isa = PBXFileReference; explicitFileType = archive.ar; includeInIndex = 0; path = "libPods-Reborn.a"; sourceTree = BUILT_PRODUCTS_DIR; };
		EA8030FBF595B68F9203427A /* Pods-Reborn.release.xcconfig */ = {isa = PBXFileReference; includeInIndex = 1; lastKnownFileType = text.xcconfig; name = "Pods-Reborn.release.xcconfig"; path = "Pods/Target Support Files/Pods-Reborn/Pods-Reborn.release.xcconfig"; sourceTree = "<group>"; };
/* End PBXFileReference section */

/* Begin PBXFrameworksBuildPhase section */
		044FDAB81DD46DED00FA9385 /* Frameworks */ = {
			isa = PBXFrameworksBuildPhase;
			buildActionMask = 2147483647;
			files = (
				1D886B21BA8AC5A0ACC25BE6 /* libPods-Reborn.a in Frameworks */,
			);
			runOnlyForDeploymentPostprocessing = 0;
		};
/* End PBXFrameworksBuildPhase section */

/* Begin PBXGroup section */
		042B1C071DDAB8C000D610E5 /* HWBaseClass */ = {
			isa = PBXGroup;
			children = (
				042B1C081DDAB8CC00D610E5 /* HWBaseViewController.h */,
				042B1C091DDAB8CC00D610E5 /* HWBaseViewController.m */,
				042B1C0E1DDAD8AC00D610E5 /* HWBaseTableViewController.h */,
				042B1C0F1DDAD8AC00D610E5 /* HWBaseTableViewController.m */,
				042B1C0B1DDABE6D00D610E5 /* HWNavigationBarButton.h */,
				042B1C0C1DDABE6D00D610E5 /* HWNavigationBarButton.m */,
				04861BA01DDEF9DE002B6BC6 /* HWTableViewCell.h */,
				04861BA11DDEF9DE002B6BC6 /* HWTableViewCell.m */,
				04861BA71DDF082E002B6BC6 /* HWViewModel.h */,
				04861BA81DDF082E002B6BC6 /* HWViewModel.m */,
				04861BAA1DDF084E002B6BC6 /* HWListRequestViewModel.h */,
				04861BAB1DDF084E002B6BC6 /* HWListRequestViewModel.m */,
				0486B7121DE44EC2000A7671 /* HWStore.h */,
				0486B7131DE44EC2000A7671 /* HWStore.m */,
			);
			path = HWBaseClass;
			sourceTree = "<group>";
		};
		042B1C141DDADAB000D610E5 /* HWKit */ = {
			isa = PBXGroup;
			children = (
				04861BA61DDEFA49002B6BC6 /* HWConstant.h */,
				04861BA31DDEFA30002B6BC6 /* UIView+AddLine.h */,
				04861BA41DDEFA30002B6BC6 /* UIView+AddLine.m */,
				042B1C151DDADAC500D610E5 /* UIColor+HW.h */,
				042B1C161DDADAC500D610E5 /* UIColor+HW.m */,
				042B1C181DDADCCA00D610E5 /* HWKit.h */,
			);
			path = HWKit;
			sourceTree = "<group>";
		};
		0447A3BC1DD96730001EAE32 /* BaseObject */ = {
			isa = PBXGroup;
			children = (
				0447A3C01DD970ED001EAE32 /* Test */,
				0447A3BD1DD96768001EAE32 /* HWObject.h */,
				0447A3BE1DD96768001EAE32 /* HWObject.m */,
				0447A3C61DD97542001EAE32 /* HWKeyValueStore.h */,
				0447A3C71DD97542001EAE32 /* HWKeyValueStore.m */,
			);
			path = BaseObject;
			sourceTree = "<group>";
		};
		0447A3C01DD970ED001EAE32 /* Test */ = {
			isa = PBXGroup;
			children = (
				0447A3C11DD9715B001EAE32 /* HWWeiBoObject.h */,
				0447A3C21DD9715B001EAE32 /* HWWeiBoObject.m */,
				0447A3C41DD97241001EAE32 /* weibo.json */,
			);
			path = Test;
			sourceTree = "<group>";
		};
		0447A3D11DD9D4A8001EAE32 /* HWBaseController */ = {
			isa = PBXGroup;
			children = (
				0447A3D21DD9D4C7001EAE32 /* HWNavigationController.h */,
				0447A3D31DD9D4C7001EAE32 /* HWNavigationController.m */,
				0447A3D51DD9D5F1001EAE32 /* HWMainTabViewController.h */,
				0447A3D61DD9D5F1001EAE32 /* HWMainTabViewController.m */,
				0447A3D81DD9D84F001EAE32 /* HWMainTabBarViewModel.h */,
				0447A3D91DD9D84F001EAE32 /* HWMainTabBarViewModel.m */,
			);
			path = HWBaseController;
			sourceTree = "<group>";
		};
		044FDAB21DD46DED00FA9385 = {
			isa = PBXGroup;
			children = (
				044FDABD1DD46DED00FA9385 /* Reborn */,
				044FDABC1DD46DED00FA9385 /* Products */,
				CC16F6AA34EC8AB82B47C70C /* Pods */,
				7C657746CCFF0883FCDC09A2 /* Frameworks */,
			);
			sourceTree = "<group>";
		};
		044FDABC1DD46DED00FA9385 /* Products */ = {
			isa = PBXGroup;
			children = (
				044FDABB1DD46DED00FA9385 /* Reborn.app */,
			);
			name = Products;
			sourceTree = "<group>";
		};
		044FDABD1DD46DED00FA9385 /* Reborn */ = {
			isa = PBXGroup;
			children = (
				04FA3C371DE2DB9E00264A05 /* HWVersionGuideViewController.h */,
				04FA3C381DE2DB9E00264A05 /* HWVersionGuideViewController.m */,
				042B1C141DDADAB000D610E5 /* HWKit */,
				042B1C071DDAB8C000D610E5 /* HWBaseClass */,
				0447A3D11DD9D4A8001EAE32 /* HWBaseController */,
				0447A3BC1DD96730001EAE32 /* BaseObject */,
				044FDAD51DD46F1800FA9385 /* HWNetwork */,
				044FDAC41DD46DED00FA9385 /* ViewController.h */,
				044FDAC51DD46DED00FA9385 /* ViewController.m */,
				0447A3DB1DD9E432001EAE32 /* HWHomeViewController.h */,
				0447A3DC1DD9E432001EAE32 /* HWHomeViewController.m */,
				0447A3DE1DD9E801001EAE32 /* HWCareViewController.h */,
				0447A3DF1DD9E801001EAE32 /* HWCareViewController.m */,
				042B1C041DDAB5E800D610E5 /* HWMineViewController.h */,
				042B1C051DDAB5E800D610E5 /* HWMineViewController.m */,
				042B1C111DDAD8CE00D610E5 /* HWNewTableViewController.h */,
				042B1C121DDAD8CE00D610E5 /* HWNewTableViewController.m */,
				0486B71E1DE4647C000A7671 /* Hospital */,
				044FDAF81DD475A100FA9385 /* HWRequestTestApi.h */,
				044FDAF91DD475A100FA9385 /* HWRequestTestApi.m */,
				044FDAFE1DD5768E00FA9385 /* HWRequestAApi.h */,
				044FDAFF1DD5768E00FA9385 /* HWRequestAApi.m */,
				044FDB011DD5769900FA9385 /* HWRequestBApi.h */,
				044FDB021DD5769900FA9385 /* HWRequestBApi.m */,
				044FDB041DD576A000FA9385 /* HWRequestCApi.h */,
				044FDB051DD576A000FA9385 /* HWRequestCApi.m */,
				044FDB071DD576B100FA9385 /* HWRequestDApi.h */,
				044FDB081DD576B100FA9385 /* HWRequestDApi.m */,
				044FDABE1DD46DED00FA9385 /* Supporting Files */,
			);
			path = Reborn;
			sourceTree = "<group>";
		};
		044FDABE1DD46DED00FA9385 /* Supporting Files */ = {
			isa = PBXGroup;
			children = (
				04FA3C3D1DE2E9E200264A05 /* 003.png */,
				04FA3C3E1DE2E9E200264A05 /* 001.png */,
				04FA3C3F1DE2E9E200264A05 /* 002.png */,
				044FDAC71DD46DED00FA9385 /* Main.storyboard */,
				044FDACA1DD46DED00FA9385 /* Assets.xcassets */,
				044FDACC1DD46DED00FA9385 /* LaunchScreen.storyboard */,
				044FDACF1DD46DED00FA9385 /* Info.plist */,
				044FDAC11DD46DED00FA9385 /* AppDelegate.h */,
				044FDAC21DD46DED00FA9385 /* AppDelegate.m */,
				04FA3C3A1DE2DDA900264A05 /* AppDelegate+ViewController.h */,
				04FA3C3B1DE2DDA900264A05 /* AppDelegate+ViewController.m */,
				044FDABF1DD46DED00FA9385 /* main.m */,
				042B1C031DDAB43F00D610E5 /* HW-prefix.pch */,
			);
			name = "Supporting Files";
			sourceTree = "<group>";
		};
		044FDAD51DD46F1800FA9385 /* HWNetwork */ = {
			isa = PBXGroup;
			children = (
				042B1C021DDAB36700D610E5 /* HWColorTheme.h */,
				044FDAD61DD46F1800FA9385 /* HWBaseRequest.h */,
				044FDAD71DD46F1800FA9385 /* HWBaseRequest.m */,
				044FDAD81DD46F1800FA9385 /* HWBatchRequest.h */,
				044FDAD91DD46F1800FA9385 /* HWBatchRequest.m */,
				044FDADA1DD46F1800FA9385 /* HWBatchRequestAgent.h */,
				044FDADB1DD46F1800FA9385 /* HWBatchRequestAgent.m */,
				044FDADC1DD46F1800FA9385 /* HWChainRequest.h */,
				044FDADD1DD46F1800FA9385 /* HWChainRequest.m */,
				044FDADE1DD46F1800FA9385 /* HWChainRequestAgent.h */,
				044FDADF1DD46F1800FA9385 /* HWChainRequestAgent.m */,
				044FDAE01DD46F1800FA9385 /* HWNetwork.h */,
				044FDAE11DD46F1800FA9385 /* HWNetworkAgent.h */,
				044FDAE21DD46F1800FA9385 /* HWNetworkAgent.m */,
				044FDAE31DD46F1800FA9385 /* HWNetworkConfig.h */,
				044FDAE41DD46F1800FA9385 /* HWNetworkConfig.m */,
				044FDAE51DD46F1800FA9385 /* HWNetworkPrivate.h */,
				044FDAE61DD46F1800FA9385 /* HWNetworkPrivate.m */,
				044FDAE71DD46F1800FA9385 /* HWRequest.h */,
				044FDAE81DD46F1800FA9385 /* HWRequest.m */,
			);
			path = HWNetwork;
			sourceTree = "<group>";
		};
		0486B71E1DE4647C000A7671 /* Hospital */ = {
			isa = PBXGroup;
			children = (
				042B1C191DDB0D0E00D610E5 /* HWHomeTableViewController.h */,
				042B1C1A1DDB0D0E00D610E5 /* HWHomeTableViewController.m */,
				0486B7181DE45C76000A7671 /* HWHomeApi.h */,
				0486B7191DE45C76000A7671 /* HWHomeApi.m */,
				0486B7251DE58429000A7671 /* HWHomeStoreManager.h */,
				0486B7261DE58429000A7671 /* HWHomeStoreManager.m */,
				0486B7151DE45B79000A7671 /* HWHomeStore.h */,
				0486B7161DE45B79000A7671 /* HWHomeStore.m */,
				0486B71B1DE46283000A7671 /* HWHospital.h */,
				0486B71C1DE46283000A7671 /* HWHospital.m */,
				0486B7221DE53FA8000A7671 /* HWHospitalViewModel.h */,
				0486B7231DE53FA8000A7671 /* HWHospitalViewModel.m */,
				0486B71F1DE53A2E000A7671 /* HWHospitalCell.h */,
				0486B7201DE53A2E000A7671 /* HWHospitalCell.m */,
			);
			name = Hospital;
			sourceTree = "<group>";
		};
		7C657746CCFF0883FCDC09A2 /* Frameworks */ = {
			isa = PBXGroup;
			children = (
				EA71DBEA9BF2289591373393 /* libPods-Reborn.a */,
			);
			name = Frameworks;
			sourceTree = "<group>";
		};
		CC16F6AA34EC8AB82B47C70C /* Pods */ = {
			isa = PBXGroup;
			children = (
				6A837AB1404FA8ACF56512FE /* Pods-Reborn.debug.xcconfig */,
				EA8030FBF595B68F9203427A /* Pods-Reborn.release.xcconfig */,
			);
			name = Pods;
			sourceTree = "<group>";
		};
/* End PBXGroup section */

/* Begin PBXNativeTarget section */
		044FDABA1DD46DED00FA9385 /* Reborn */ = {
			isa = PBXNativeTarget;
			buildConfigurationList = 044FDAD21DD46DED00FA9385 /* Build configuration list for PBXNativeTarget "Reborn" */;
			buildPhases = (
				DF41A1ED4F2339BDC66C409F /* [CP] Check Pods Manifest.lock */,
				044FDAB71DD46DED00FA9385 /* Sources */,
				044FDAB81DD46DED00FA9385 /* Frameworks */,
				044FDAB91DD46DED00FA9385 /* Resources */,
				636473804FF91235AE574D67 /* [CP] Embed Pods Frameworks */,
				D906A48C89A32A6455C0F073 /* [CP] Copy Pods Resources */,
			);
			buildRules = (
			);
			dependencies = (
			);
			name = Reborn;
			productName = Reborn;
			productReference = 044FDABB1DD46DED00FA9385 /* Reborn.app */;
			productType = "com.apple.product-type.application";
		};
/* End PBXNativeTarget section */

/* Begin PBXProject section */
		044FDAB31DD46DED00FA9385 /* Project object */ = {
			isa = PBXProject;
			attributes = {
				CLASSPREFIX = HW;
				LastUpgradeCheck = 0810;
				ORGANIZATIONNAME = "healthcare-works";
				TargetAttributes = {
					044FDABA1DD46DED00FA9385 = {
						CreatedOnToolsVersion = 8.1;
						DevelopmentTeam = X342LX7QRW;
						ProvisioningStyle = Manual;
					};
				};
			};
			buildConfigurationList = 044FDAB61DD46DED00FA9385 /* Build configuration list for PBXProject "Reborn" */;
			compatibilityVersion = "Xcode 3.2";
			developmentRegion = English;
			hasScannedForEncodings = 0;
			knownRegions = (
				en,
				Base,
			);
			mainGroup = 044FDAB21DD46DED00FA9385;
			productRefGroup = 044FDABC1DD46DED00FA9385 /* Products */;
			projectDirPath = "";
			projectRoot = "";
			targets = (
				044FDABA1DD46DED00FA9385 /* Reborn */,
			);
		};
/* End PBXProject section */

/* Begin PBXResourcesBuildPhase section */
		044FDAB91DD46DED00FA9385 /* Resources */ = {
			isa = PBXResourcesBuildPhase;
			buildActionMask = 2147483647;
			files = (
				0447A3C51DD97322001EAE32 /* weibo.json in Resources */,
				044FDACE1DD46DED00FA9385 /* LaunchScreen.storyboard in Resources */,
				04FA3C421DE2E9E200264A05 /* 002.png in Resources */,
				04FA3C401DE2E9E200264A05 /* 003.png in Resources */,
				04FA3C411DE2E9E200264A05 /* 001.png in Resources */,
				044FDACB1DD46DED00FA9385 /* Assets.xcassets in Resources */,
				044FDAC91DD46DED00FA9385 /* Main.storyboard in Resources */,
			);
			runOnlyForDeploymentPostprocessing = 0;
		};
/* End PBXResourcesBuildPhase section */

/* Begin PBXShellScriptBuildPhase section */
		636473804FF91235AE574D67 /* [CP] Embed Pods Frameworks */ = {
			isa = PBXShellScriptBuildPhase;
			buildActionMask = 2147483647;
			files = (
			);
			inputPaths = (
			);
			name = "[CP] Embed Pods Frameworks";
			outputPaths = (
			);
			runOnlyForDeploymentPostprocessing = 0;
			shellPath = /bin/sh;
			shellScript = "\"${SRCROOT}/Pods/Target Support Files/Pods-Reborn/Pods-Reborn-frameworks.sh\"\n";
			showEnvVarsInLog = 0;
		};
		D906A48C89A32A6455C0F073 /* [CP] Copy Pods Resources */ = {
			isa = PBXShellScriptBuildPhase;
			buildActionMask = 2147483647;
			files = (
			);
			inputPaths = (
			);
			name = "[CP] Copy Pods Resources";
			outputPaths = (
			);
			runOnlyForDeploymentPostprocessing = 0;
			shellPath = /bin/sh;
			shellScript = "\"${SRCROOT}/Pods/Target Support Files/Pods-Reborn/Pods-Reborn-resources.sh\"\n";
			showEnvVarsInLog = 0;
		};
		DF41A1ED4F2339BDC66C409F /* [CP] Check Pods Manifest.lock */ = {
			isa = PBXShellScriptBuildPhase;
			buildActionMask = 2147483647;
			files = (
			);
			inputPaths = (
			);
			name = "[CP] Check Pods Manifest.lock";
			outputPaths = (
			);
			runOnlyForDeploymentPostprocessing = 0;
			shellPath = /bin/sh;
			shellScript = "diff \"${PODS_ROOT}/../Podfile.lock\" \"${PODS_ROOT}/Manifest.lock\" > /dev/null\nif [[ $? != 0 ]] ; then\n    cat << EOM\nerror: The sandbox is not in sync with the Podfile.lock. Run 'pod install' or update your CocoaPods installation.\nEOM\n    exit 1\nfi\n";
			showEnvVarsInLog = 0;
		};
/* End PBXShellScriptBuildPhase section */

/* Begin PBXSourcesBuildPhase section */
		044FDAB71DD46DED00FA9385 /* Sources */ = {
			isa = PBXSourcesBuildPhase;
			buildActionMask = 2147483647;
			files = (
				04861BA91DDF082E002B6BC6 /* HWViewModel.m in Sources */,
				0486B7211DE53A2E000A7671 /* HWHospitalCell.m in Sources */,
				0447A3DD1DD9E432001EAE32 /* HWHomeViewController.m in Sources */,
				0486B7241DE53FA8000A7671 /* HWHospitalViewModel.m in Sources */,
				0447A3C31DD9715B001EAE32 /* HWWeiBoObject.m in Sources */,
				0486B7141DE44EC2000A7671 /* HWStore.m in Sources */,
				0486B7271DE58429000A7671 /* HWHomeStoreManager.m in Sources */,
				0486B71D1DE46283000A7671 /* HWHospital.m in Sources */,
				044FDAEA1DD46F1800FA9385 /* HWBatchRequest.m in Sources */,
				0447A3C81DD97542001EAE32 /* HWKeyValueStore.m in Sources */,
				044FDB091DD576B100FA9385 /* HWRequestDApi.m in Sources */,
				042B1C1B1DDB0D0E00D610E5 /* HWHomeTableViewController.m in Sources */,
				04861BA51DDEFA30002B6BC6 /* UIView+AddLine.m in Sources */,
				0447A3DA1DD9D84F001EAE32 /* HWMainTabBarViewModel.m in Sources */,
				044FDAEE1DD46F1800FA9385 /* HWNetworkAgent.m in Sources */,
				04861BA21DDEF9DE002B6BC6 /* HWTableViewCell.m in Sources */,
				044FDAC61DD46DED00FA9385 /* ViewController.m in Sources */,
				044FDAFA1DD475A100FA9385 /* HWRequestTestApi.m in Sources */,
				04FA3C3C1DE2DDA900264A05 /* AppDelegate+ViewController.m in Sources */,
				042B1C131DDAD8CE00D610E5 /* HWNewTableViewController.m in Sources */,
				044FDAC31DD46DED00FA9385 /* AppDelegate.m in Sources */,
				044FDAF11DD46F1800FA9385 /* HWRequest.m in Sources */,
				044FDAF01DD46F1800FA9385 /* HWNetworkPrivate.m in Sources */,
				0447A3D41DD9D4C7001EAE32 /* HWNavigationController.m in Sources */,
				044FDAC01DD46DED00FA9385 /* main.m in Sources */,
				0486B7171DE45B79000A7671 /* HWHomeStore.m in Sources */,
				042B1C0D1DDABE6D00D610E5 /* HWNavigationBarButton.m in Sources */,
				04861BAC1DDF084E002B6BC6 /* HWListRequestViewModel.m in Sources */,
				042B1C0A1DDAB8CC00D610E5 /* HWBaseViewController.m in Sources */,
				0447A3D71DD9D5F1001EAE32 /* HWMainTabViewController.m in Sources */,
				044FDAEF1DD46F1800FA9385 /* HWNetworkConfig.m in Sources */,
				044FDAED1DD46F1800FA9385 /* HWChainRequestAgent.m in Sources */,
				042B1C101DDAD8AC00D610E5 /* HWBaseTableViewController.m in Sources */,
				042B1C171DDADAC500D610E5 /* UIColor+HW.m in Sources */,
				044FDB031DD5769900FA9385 /* HWRequestBApi.m in Sources */,
				04FA3C391DE2DB9E00264A05 /* HWVersionGuideViewController.m in Sources */,
				044FDAE91DD46F1800FA9385 /* HWBaseRequest.m in Sources */,
				044FDAEC1DD46F1800FA9385 /* HWChainRequest.m in Sources */,
				044FDAEB1DD46F1800FA9385 /* HWBatchRequestAgent.m in Sources */,
				0486B71A1DE45C76000A7671 /* HWHomeApi.m in Sources */,
				044FDB001DD5768E00FA9385 /* HWRequestAApi.m in Sources */,
				044FDB061DD576A000FA9385 /* HWRequestCApi.m in Sources */,
				0447A3BF1DD96768001EAE32 /* HWObject.m in Sources */,
				042B1C061DDAB5E900D610E5 /* HWMineViewController.m in Sources */,
				0447A3E01DD9E801001EAE32 /* HWCareViewController.m in Sources */,
			);
			runOnlyForDeploymentPostprocessing = 0;
		};
/* End PBXSourcesBuildPhase section */

/* Begin PBXVariantGroup section */
		044FDAC71DD46DED00FA9385 /* Main.storyboard */ = {
			isa = PBXVariantGroup;
			children = (
				044FDAC81DD46DED00FA9385 /* Base */,
			);
			name = Main.storyboard;
			sourceTree = "<group>";
		};
		044FDACC1DD46DED00FA9385 /* LaunchScreen.storyboard */ = {
			isa = PBXVariantGroup;
			children = (
				044FDACD1DD46DED00FA9385 /* Base */,
			);
			name = LaunchScreen.storyboard;
			sourceTree = "<group>";
		};
/* End PBXVariantGroup section */

/* Begin XCBuildConfiguration section */
		044FDAD01DD46DED00FA9385 /* Debug */ = {
			isa = XCBuildConfiguration;
			buildSettings = {
				ALWAYS_SEARCH_USER_PATHS = NO;
				CLANG_ANALYZER_NONNULL = YES;
				CLANG_CXX_LANGUAGE_STANDARD = "gnu++0x";
				CLANG_CXX_LIBRARY = "libc++";
				CLANG_ENABLE_MODULES = YES;
				CLANG_ENABLE_OBJC_ARC = YES;
				CLANG_WARN_BOOL_CONVERSION = YES;
				CLANG_WARN_CONSTANT_CONVERSION = YES;
				CLANG_WARN_DIRECT_OBJC_ISA_USAGE = YES_ERROR;
				CLANG_WARN_DOCUMENTATION_COMMENTS = YES;
				CLANG_WARN_EMPTY_BODY = YES;
				CLANG_WARN_ENUM_CONVERSION = YES;
				CLANG_WARN_INFINITE_RECURSION = YES;
				CLANG_WARN_INT_CONVERSION = YES;
				CLANG_WARN_OBJC_ROOT_CLASS = YES_ERROR;
				CLANG_WARN_SUSPICIOUS_MOVES = YES;
				CLANG_WARN_UNREACHABLE_CODE = YES;
				CLANG_WARN__DUPLICATE_METHOD_MATCH = YES;
				"CODE_SIGN_IDENTITY[sdk=iphoneos*]" = "iPhone Developer";
				COPY_PHASE_STRIP = NO;
				DEBUG_INFORMATION_FORMAT = dwarf;
				ENABLE_STRICT_OBJC_MSGSEND = YES;
				ENABLE_TESTABILITY = YES;
				GCC_C_LANGUAGE_STANDARD = gnu99;
				GCC_DYNAMIC_NO_PIC = NO;
				GCC_NO_COMMON_BLOCKS = YES;
				GCC_OPTIMIZATION_LEVEL = 0;
				GCC_PREPROCESSOR_DEFINITIONS = (
					"DEBUG=1",
					"$(inherited)",
				);
				GCC_WARN_64_TO_32_BIT_CONVERSION = YES;
				GCC_WARN_ABOUT_RETURN_TYPE = YES_ERROR;
				GCC_WARN_UNDECLARED_SELECTOR = YES;
				GCC_WARN_UNINITIALIZED_AUTOS = YES_AGGRESSIVE;
				GCC_WARN_UNUSED_FUNCTION = YES;
				GCC_WARN_UNUSED_VARIABLE = YES;
				IPHONEOS_DEPLOYMENT_TARGET = 10.1;
				MTL_ENABLE_DEBUG_INFO = YES;
				ONLY_ACTIVE_ARCH = YES;
				SDKROOT = iphoneos;
			};
			name = Debug;
		};
		044FDAD11DD46DED00FA9385 /* Release */ = {
			isa = XCBuildConfiguration;
			buildSettings = {
				ALWAYS_SEARCH_USER_PATHS = NO;
				CLANG_ANALYZER_NONNULL = YES;
				CLANG_CXX_LANGUAGE_STANDARD = "gnu++0x";
				CLANG_CXX_LIBRARY = "libc++";
				CLANG_ENABLE_MODULES = YES;
				CLANG_ENABLE_OBJC_ARC = YES;
				CLANG_WARN_BOOL_CONVERSION = YES;
				CLANG_WARN_CONSTANT_CONVERSION = YES;
				CLANG_WARN_DIRECT_OBJC_ISA_USAGE = YES_ERROR;
				CLANG_WARN_DOCUMENTATION_COMMENTS = YES;
				CLANG_WARN_EMPTY_BODY = YES;
				CLANG_WARN_ENUM_CONVERSION = YES;
				CLANG_WARN_INFINITE_RECURSION = YES;
				CLANG_WARN_INT_CONVERSION = YES;
				CLANG_WARN_OBJC_ROOT_CLASS = YES_ERROR;
				CLANG_WARN_SUSPICIOUS_MOVES = YES;
				CLANG_WARN_UNREACHABLE_CODE = YES;
				CLANG_WARN__DUPLICATE_METHOD_MATCH = YES;
				"CODE_SIGN_IDENTITY[sdk=iphoneos*]" = "iPhone Developer";
				COPY_PHASE_STRIP = NO;
				DEBUG_INFORMATION_FORMAT = "dwarf-with-dsym";
				ENABLE_NS_ASSERTIONS = NO;
				ENABLE_STRICT_OBJC_MSGSEND = YES;
				GCC_C_LANGUAGE_STANDARD = gnu99;
				GCC_NO_COMMON_BLOCKS = YES;
				GCC_WARN_64_TO_32_BIT_CONVERSION = YES;
				GCC_WARN_ABOUT_RETURN_TYPE = YES_ERROR;
				GCC_WARN_UNDECLARED_SELECTOR = YES;
				GCC_WARN_UNINITIALIZED_AUTOS = YES_AGGRESSIVE;
				GCC_WARN_UNUSED_FUNCTION = YES;
				GCC_WARN_UNUSED_VARIABLE = YES;
				IPHONEOS_DEPLOYMENT_TARGET = 10.1;
				MTL_ENABLE_DEBUG_INFO = NO;
				SDKROOT = iphoneos;
				VALIDATE_PRODUCT = YES;
			};
			name = Release;
		};
		044FDAD31DD46DED00FA9385 /* Debug */ = {
			isa = XCBuildConfiguration;
			baseConfigurationReference = 6A837AB1404FA8ACF56512FE /* Pods-Reborn.debug.xcconfig */;
			buildSettings = {
				ASSETCATALOG_COMPILER_APPICON_NAME = AppIcon;
				DEVELOPMENT_TEAM = X342LX7QRW;
				GCC_PREFIX_HEADER = "Reborn/HW-prefix.pch";
				INFOPLIST_FILE = Reborn/Info.plist;
				LD_RUNPATH_SEARCH_PATHS = "$(inherited) @executable_path/Frameworks";
				PRODUCT_BUNDLE_IDENTIFIER = com.tttpeng.Reborn;
				PRODUCT_NAME = "$(TARGET_NAME)";
				PROVISIONING_PROFILE = "3e4c292e-375b-40f6-9b23-bc4b5362b670";
				PROVISIONING_PROFILE_SPECIFIER = "ideabinder development";
			};
			name = Debug;
		};
		044FDAD41DD46DED00FA9385 /* Release */ = {
			isa = XCBuildConfiguration;
			baseConfigurationReference = EA8030FBF595B68F9203427A /* Pods-Reborn.release.xcconfig */;
			buildSettings = {
				ASSETCATALOG_COMPILER_APPICON_NAME = AppIcon;
				DEVELOPMENT_TEAM = "";
				GCC_PREFIX_HEADER = "Reborn/HW-prefix.pch";
				INFOPLIST_FILE = Reborn/Info.plist;
				LD_RUNPATH_SEARCH_PATHS = "$(inherited) @executable_path/Frameworks";
				PRODUCT_BUNDLE_IDENTIFIER = com.tttpeng.Reborn;
				PRODUCT_NAME = "$(TARGET_NAME)";
			};
			name = Release;
		};
/* End XCBuildConfiguration section */

/* Begin XCConfigurationList section */
		044FDAB61DD46DED00FA9385 /* Build configuration list for PBXProject "Reborn" */ = {
			isa = XCConfigurationList;
			buildConfigurations = (
				044FDAD01DD46DED00FA9385 /* Debug */,
				044FDAD11DD46DED00FA9385 /* Release */,
			);
			defaultConfigurationIsVisible = 0;
			defaultConfigurationName = Release;
		};
		044FDAD21DD46DED00FA9385 /* Build configuration list for PBXNativeTarget "Reborn" */ = {
			isa = XCConfigurationList;
			buildConfigurations = (
				044FDAD31DD46DED00FA9385 /* Debug */,
				044FDAD41DD46DED00FA9385 /* Release */,
			);
			defaultConfigurationIsVisible = 0;
			defaultConfigurationName = Release;
		};
/* End XCConfigurationList section */
	};
	rootObject = 044FDAB31DD46DED00FA9385 /* Project object */;
}
